
Microsoft Visual Studio Solution File, Format Version 12.00
# Visual Studio 15
VisualStudioVersion = 15.0.28307.136
MinimumVisualStudioVersion = 10.0.40219.1
Project("{FAE04EC0-301F-11D3-BF4B-00C04F79EFBC}") = "WhereIsMyVehicle.WebApi", "WhereIsMyVehicle.WebApi\WhereIsMyVehicle.WebApi.csproj", "{B27759BC-D945-4876-96B3-BF898023C80A}"
EndProject
Global
	GlobalSection(SolutionConfigurationPlatforms) = preSolution
		Debug|Any CPU = Debug|Any CPU
		Release|Any CPU = Release|Any CPU
	EndGlobalSection
	GlobalSection(ProjectConfigurationPlatforms) = postSolution
		{B27759BC-D945-4876-96B3-BF898023C80A}.Debug|Any CPU.ActiveCfg = Debug|Any CPU
		{B27759BC-D945-4876-96B3-BF898023C80A}.Debug|Any CPU.Build.0 = Debug|Any CPU
		{B27759BC-D945-4876-96B3-BF898023C80A}.Release|Any CPU.ActiveCfg = Release|Any CPU
		{B27759BC-D945-4876-96B3-BF898023C80A}.Release|Any CPU.Build.0 = Release|Any CPU
	EndGlobalSection
	GlobalSection(SolutionProperties) = preSolution
		HideSolutionNode = FALSE
	EndGlobalSection
	GlobalSection(ExtensibilityGlobals) = postSolution
		SolutionGuid = {38196E1C-B6C7-4B26-B63A-137C27B025F2}
	EndGlobalSection
EndGlobal
